{
  "name": "project-1",
  "version": "1.0.0",
  "lockfileVersion": 2,
  "requires": true,
  "packages": {
    "": {
      "name": "project-1",
      "version": "1.0.0",
      "license": "ISC",
      "dependencies": {
        "body": "^5.1.0",
        "bootstrap": "^5.3.0",
        "bootstrap-select": "^1.13.18",
        "country-flag-emoji": "^1.0.3",
        "jquery": "^3.6.4",
        "leaflet-easybutton": "^2.4.0",
        "leaflet-gps": "^1.7.8",
        "leaflet-nav": "^1.0.3",
        "leaflet.locatecontrol": "^0.79.0",
        "node": "^19.8.1",
        "parser": "^0.1.4"
      }
    },
    "node_modules/@popperjs/core": {
      "version": "2.11.8",
      "resolved": "https://registry.npmjs.org/@popperjs/core/-/core-2.11.8.tgz",
      "integrity": "sha512-P1st0aksCrn9sGZhp8GMYwBnQsbvAWsZAX44oXNNvLHGqAOcoVxmjZiohstwQ7SqKnbR47akdNi+uleWD8+g6A==",
      "peer": true,
      "funding": {
        "type": "opencollective",
        "url": "https://opencollective.com/popperjs"
      }
    },
    "node_modules/body": {
      "version": "5.1.0",
      "resolved": "https://registry.npmjs.org/body/-/body-5.1.0.tgz",
      "integrity": "sha512-chUsBxGRtuElD6fmw1gHLpvnKdVLK302peeFa9ZqAEk8TyzZ3fygLyUEDDPTJvL9+Bor0dIwn6ePOsRM2y0zQQ==",
      "dependencies": {
        "continuable-cache": "^0.3.1",
        "error": "^7.0.0",
        "raw-body": "~1.1.0",
        "safe-json-parse": "~1.0.1"
      }
    },
    "node_modules/bootstrap": {
      "version": "5.3.0",
      "resolved": "https://registry.npmjs.org/bootstrap/-/bootstrap-5.3.0.tgz",
      "integrity": "sha512-UnBV3E3v4STVNQdms6jSGO2CvOkjUMdDAVR2V5N4uCMdaIkaQjbcEAMqRimDHIs4uqBYzDAKCQwCB+97tJgHQw==",
      "funding": [
        {
          "type": "github",
          "url": "https://github.com/sponsors/twbs"
        },
        {
          "type": "opencollective",
          "url": "https://opencollective.com/bootstrap"
        }
      ],
      "peerDependencies": {
        "@popperjs/core": "^2.11.7"
      }
    },
    "node_modules/bootstrap-select": {
      "version": "1.13.18",
      "resolved": "https://registry.npmjs.org/bootstrap-select/-/bootstrap-select-1.13.18.tgz",
      "integrity": "sha512-V1IzK4rxBq5FrJtkzSH6RmFLFBsjx50byFbfAf8jYyXROWs7ZpprGjdHeoyq2HSsHyjJhMMwjsQhRoYAfxCGow==",
      "peerDependencies": {
        "bootstrap": ">=3.0.0",
        "jquery": "1.9.1 - 3"
      }
    },
    "node_modules/bytes": {
      "version": "1.0.0",
      "resolved": "https://registry.npmjs.org/bytes/-/bytes-1.0.0.tgz",
      "integrity": "sha512-/x68VkHLeTl3/Ll8IvxdwzhrT+IyKc52e/oyHhA2RwqPqswSnjVbSddfPRwAsJtbilMAPSRWwAlpxdYsSWOTKQ=="
    },
    "node_modules/continuable-cache": {
      "version": "0.3.1",
      "resolved": "https://registry.npmjs.org/continuable-cache/-/continuable-cache-0.3.1.tgz",
      "integrity": "sha512-TF30kpKhTH8AGCG3dut0rdd/19B7Z+qCnrMoBLpyQu/2drZdNrrpcjPEoJeSVsQM+8KmWG5O56oPDjSSUsuTyA=="
    },
    "node_modules/country-flag-emoji": {
      "version": "1.0.3",
      "resolved": "https://registry.npmjs.org/country-flag-emoji/-/country-flag-emoji-1.0.3.tgz",
      "integrity": "sha512-OVMltN9rF8Rd9fjDzcNAT376fslwlkTuu+BeqzY4Z+kr+nF/3u4Kod5SyEKuABxwvi6tWO7uszO3MgWzoevAuQ==",
      "engines": {
        "node": ">=10.0.0"
      }
    },
    "node_modules/disect": {
      "version": "1.1.1",
      "resolved": "https://registry.npmjs.org/disect/-/disect-1.1.1.tgz",
      "integrity": "sha512-rr2Ym8FSAoqAJ1KfpUiQ/Io01HP0LZPHBuppbFsHozmSNf+YwrvyD5pm5tMTUApJFNwD7HeWJ5DGldSugScukA=="
    },
    "node_modules/error": {
      "version": "7.2.1",
      "resolved": "https://registry.npmjs.org/error/-/error-7.2.1.tgz",
      "integrity": "sha512-fo9HBvWnx3NGUKMvMwB/CBCMMrfEJgbDTVDEkPygA3Bdd3lM1OyCd+rbQ8BwnpF6GdVeOLDNmyL4N5Bg80ZvdA==",
      "dependencies": {
        "string-template": "~0.2.1"
      }
    },
    "node_modules/jquery": {
      "version": "3.6.4",
      "resolved": "https://registry.npmjs.org/jquery/-/jquery-3.6.4.tgz",
      "integrity": "sha512-v28EW9DWDFpzcD9O5iyJXg3R3+q+mET5JhnjJzQUZMHOv67bpSIHq81GEYpPNZHG+XXHsfSme3nxp/hndKEcsQ=="
    },
    "node_modules/leaflet": {
      "version": "1.9.3",
      "resolved": "https://registry.npmjs.org/leaflet/-/leaflet-1.9.3.tgz",
      "integrity": "sha512-iB2cR9vAkDOu5l3HAay2obcUHZ7xwUBBjph8+PGtmW/2lYhbLizWtG7nTeYht36WfOslixQF9D/uSIzhZgGMfQ=="
    },
    "node_modules/leaflet-easybutton": {
      "version": "2.4.0",
      "resolved": "https://registry.npmjs.org/leaflet-easybutton/-/leaflet-easybutton-2.4.0.tgz",
      "integrity": "sha512-O+qsQq4zTF6ds8VClnytobTH/MKalctlPpiA8L+bNKHP14J3lgJpvEd/jSpq9mHTI6qOzRAvbQX6wS6qNwThvg==",
      "dependencies": {
        "leaflet": "^1.0.1"
      }
    },
    "node_modules/leaflet-gps": {
      "version": "1.7.8",
      "resolved": "https://registry.npmjs.org/leaflet-gps/-/leaflet-gps-1.7.8.tgz",
      "integrity": "sha512-pNO0Gw8HDkkoiwobIUOnIPvbb8XIAP1DYM/y0BkamkgPAKnTPk1TGbRMrmf/OlmbEyjW9/vGgGM3v1mF796u8g==",
      "dependencies": {
        "leaflet": "*"
      }
    },
    "node_modules/leaflet-nav": {
      "version": "1.0.3",
      "resolved": "https://registry.npmjs.org/leaflet-nav/-/leaflet-nav-1.0.3.tgz",
      "integrity": "sha512-0PmK4Khb1MY1yZQk4wal0+pkvWWAGCUK8vXu+8FjttF3qq+D3Sktd8qus6DMvqVvte9pnqKHvWE2JqdhG6by7A=="
    },
    "node_modules/leaflet.locatecontrol": {
      "version": "0.79.0",
      "resolved": "https://registry.npmjs.org/leaflet.locatecontrol/-/leaflet.locatecontrol-0.79.0.tgz",
      "integrity": "sha512-h64QIHFkypYdr90lkSfjKvPvvk8/b8UnP3m9WuoWdp5p2AaCWC0T1NVwyuj4rd5U4fBW3tQt4ppmZ2LceHMIDg=="
    },
    "node_modules/node": {
      "version": "19.8.1",
      "resolved": "https://registry.npmjs.org/node/-/node-19.8.1.tgz",
      "integrity": "sha512-qAoX6xM9F/eEv4q4qgCXGSbXWruHVzVJX32XCZizSUNsg5ywYY7di9QMqSDFmPwvJrXjZuhNq2z80+lR9GumLg==",
      "hasInstallScript": true,
      "dependencies": {
        "node-bin-setup": "^1.0.0"
      },
      "bin": {
        "node": "bin/node"
      },
      "engines": {
        "npm": ">=5.0.0"
      }
    },
    "node_modules/node-bin-setup": {
      "version": "1.1.3",
      "resolved": "https://registry.npmjs.org/node-bin-setup/-/node-bin-setup-1.1.3.tgz",
      "integrity": "sha512-opgw9iSCAzT2+6wJOETCpeRYAQxSopqQ2z+N6BXwIMsQQ7Zj5M8MaafQY8JMlolRR6R1UXg2WmhKp0p9lSOivg=="
    },
    "node_modules/parser": {
      "version": "0.1.4",
      "resolved": "https://registry.npmjs.org/parser/-/parser-0.1.4.tgz",
      "integrity": "sha512-f6EM/mBtPzmIh96MpcbePfhkBOYRmLYWuOukJqMysMlvjp4s2MQSSQnFEekd9GV4JGTnDJ2uFt3Ztcqc9wCMJg==",
      "dependencies": {
        "tokenizer": "*"
      },
      "engines": {
        "node": "0.4-0.9"
      }
    },
    "node_modules/raw-body": {
      "version": "1.1.7",
      "resolved": "https://registry.npmjs.org/raw-body/-/raw-body-1.1.7.tgz",
      "integrity": "sha512-WmJJU2e9Y6M5UzTOkHaM7xJGAPQD8PNzx3bAd2+uhZAim6wDk6dAZxPVYLF67XhbR4hmKGh33Lpmh4XWrCH5Mg==",
      "dependencies": {
        "bytes": "1",
        "string_decoder": "0.10"
      },
      "engines": {
        "node": ">= 0.8.0"
      }
    },
    "node_modules/safe-json-parse": {
      "version": "1.0.1",
      "resolved": "https://registry.npmjs.org/safe-json-parse/-/safe-json-parse-1.0.1.tgz",
      "integrity": "sha512-o0JmTu17WGUaUOHa1l0FPGXKBfijbxK6qoHzlkihsDXxzBHvJcA7zgviKR92Xs841rX9pK16unfphLq0/KqX7A=="
    },
    "node_modules/string_decoder": {
      "version": "0.10.31",
      "resolved": "https://registry.npmjs.org/string_decoder/-/string_decoder-0.10.31.tgz",
      "integrity": "sha512-ev2QzSzWPYmy9GuqfIVildA4OdcGLeFZQrq5ys6RtiuF+RQQiZWr8TZNyAcuVXyQRYfEO+MsoB/1BuQVhOJuoQ=="
    },
    "node_modules/string-template": {
      "version": "0.2.1",
      "resolved": "https://registry.npmjs.org/string-template/-/string-template-0.2.1.tgz",
      "integrity": "sha512-Yptehjogou2xm4UJbxJ4CxgZx12HBfeystp0y3x7s4Dj32ltVVG1Gg8YhKjHZkHicuKpZX/ffilA8505VbUbpw=="
    },
    "node_modules/tokenizer": {
      "version": "1.1.2",
      "resolved": "https://registry.npmjs.org/tokenizer/-/tokenizer-1.1.2.tgz",
      "integrity": "sha512-c/EYsBwEW/EX28q44UaSrJ9o5M2aI+N/xdJJ4Zl7dNq76OmWQHhmXH0T8DJQNjVYPc7NclV2CZQfyeUMfnEu/A==",
      "dependencies": {
        "disect": "~1.1.0"
      },
      "engines": {
        "node": "0.10.x"
      }
    }
  },
  "dependencies": {
    "@popperjs/core": {
      "version": "2.11.8",
      "resolved": "https://registry.npmjs.org/@popperjs/core/-/core-2.11.8.tgz",
      "integrity": "sha512-P1st0aksCrn9sGZhp8GMYwBnQsbvAWsZAX44oXNNvLHGqAOcoVxmjZiohstwQ7SqKnbR47akdNi+uleWD8+g6A==",
      "peer": true
    },
    "body": {
      "version": "5.1.0",
      "resolved": "https://registry.npmjs.org/body/-/body-5.1.0.tgz",
      "integrity": "sha512-chUsBxGRtuElD6fmw1gHLpvnKdVLK302peeFa9ZqAEk8TyzZ3fygLyUEDDPTJvL9+Bor0dIwn6ePOsRM2y0zQQ==",
      "requires": {
        "continuable-cache": "^0.3.1",
        "error": "^7.0.0",
        "raw-body": "~1.1.0",
        "safe-json-parse": "~1.0.1"
      }
    },
    "bootstrap": {
      "version": "5.3.0",
      "resolved": "https://registry.npmjs.org/bootstrap/-/bootstrap-5.3.0.tgz",
      "integrity": "sha512-UnBV3E3v4STVNQdms6jSGO2CvOkjUMdDAVR2V5N4uCMdaIkaQjbcEAMqRimDHIs4uqBYzDAKCQwCB+97tJgHQw==",
      "requires": {}
    },
    "bootstrap-select": {
      "version": "1.13.18",
      "resolved": "https://registry.npmjs.org/bootstrap-select/-/bootstrap-select-1.13.18.tgz",
      "integrity": "sha512-V1IzK4rxBq5FrJtkzSH6RmFLFBsjx50byFbfAf8jYyXROWs7ZpprGjdHeoyq2HSsHyjJhMMwjsQhRoYAfxCGow==",
      "requires": {}
    },
    "bytes": {
      "version": "1.0.0",
      "resolved": "https://registry.npmjs.org/bytes/-/bytes-1.0.0.tgz",
      "integrity": "sha512-/x68VkHLeTl3/Ll8IvxdwzhrT+IyKc52e/oyHhA2RwqPqswSnjVbSddfPRwAsJtbilMAPSRWwAlpxdYsSWOTKQ=="
    },
    "continuable-cache": {
      "version": "0.3.1",
      "resolved": "https://registry.npmjs.org/continuable-cache/-/continuable-cache-0.3.1.tgz",
      "integrity": "sha512-TF30kpKhTH8AGCG3dut0rdd/19B7Z+qCnrMoBLpyQu/2drZdNrrpcjPEoJeSVsQM+8KmWG5O56oPDjSSUsuTyA=="
    },
    "country-flag-emoji": {
      "version": "1.0.3",
      "resolved": "https://registry.npmjs.org/country-flag-emoji/-/country-flag-emoji-1.0.3.tgz",
      "integrity": "sha512-OVMltN9rF8Rd9fjDzcNAT376fslwlkTuu+BeqzY4Z+kr+nF/3u4Kod5SyEKuABxwvi6tWO7uszO3MgWzoevAuQ=="
    },
    "disect": {
      "version": "1.1.1",
      "resolved": "https://registry.npmjs.org/disect/-/disect-1.1.1.tgz",
      "integrity": "sha512-rr2Ym8FSAoqAJ1KfpUiQ/Io01HP0LZPHBuppbFsHozmSNf+YwrvyD5pm5tMTUApJFNwD7HeWJ5DGldSugScukA=="
    },
    "error": {
      "version": "7.2.1",
      "resolved": "https://registry.npmjs.org/error/-/error-7.2.1.tgz",
      "integrity": "sha512-fo9HBvWnx3NGUKMvMwB/CBCMMrfEJgbDTVDEkPygA3Bdd3lM1OyCd+rbQ8BwnpF6GdVeOLDNmyL4N5Bg80ZvdA==",
      "requires": {
        "string-template": "~0.2.1"
      }
    },
    "jquery": {
      "version": "3.6.4",
      "resolved": "https://registry.npmjs.org/jquery/-/jquery-3.6.4.tgz",
      "integrity": "sha512-v28EW9DWDFpzcD9O5iyJXg3R3+q+mET5JhnjJzQUZMHOv67bpSIHq81GEYpPNZHG+XXHsfSme3nxp/hndKEcsQ=="
    },
    "leaflet": {
      "version": "1.9.3",
      "resolved": "https://registry.npmjs.org/leaflet/-/leaflet-1.9.3.tgz",
      "integrity": "sha512-iB2cR9vAkDOu5l3HAay2obcUHZ7xwUBBjph8+PGtmW/2lYhbLizWtG7nTeYht36WfOslixQF9D/uSIzhZgGMfQ=="
    },
    "leaflet-easybutton": {
      "version": "2.4.0",
      "resolved": "https://registry.npmjs.org/leaflet-easybutton/-/leaflet-easybutton-2.4.0.tgz",
      "integrity": "sha512-O+qsQq4zTF6ds8VClnytobTH/MKalctlPpiA8L+bNKHP14J3lgJpvEd/jSpq9mHTI6qOzRAvbQX6wS6qNwThvg==",
      "requires": {
        "leaflet": "^1.0.1"
      }
    },
    "leaflet-gps": {
      "version": "1.7.8",
      "resolved": "https://registry.npmjs.org/leaflet-gps/-/leaflet-gps-1.7.8.tgz",
      "integrity": "sha512-pNO0Gw8HDkkoiwobIUOnIPvbb8XIAP1DYM/y0BkamkgPAKnTPk1TGbRMrmf/OlmbEyjW9/vGgGM3v1mF796u8g==",
      "requires": {
        "leaflet": "*"
      }
    },
    "leaflet-nav": {
      "version": "1.0.3",
      "resolved": "https://registry.npmjs.org/leaflet-nav/-/leaflet-nav-1.0.3.tgz",
      "integrity": "sha512-0PmK4Khb1MY1yZQk4wal0+pkvWWAGCUK8vXu+8FjttF3qq+D3Sktd8qus6DMvqVvte9pnqKHvWE2JqdhG6by7A=="
    },
    "leaflet.locatecontrol": {
      "version": "0.79.0",
      "resolved": "https://registry.npmjs.org/leaflet.locatecontrol/-/leaflet.locatecontrol-0.79.0.tgz",
      "integrity": "sha512-h64QIHFkypYdr90lkSfjKvPvvk8/b8UnP3m9WuoWdp5p2AaCWC0T1NVwyuj4rd5U4fBW3tQt4ppmZ2LceHMIDg=="
    },
    "node": {
      "version": "19.8.1",
      "resolved": "https://registry.npmjs.org/node/-/node-19.8.1.tgz",
      "integrity": "sha512-qAoX6xM9F/eEv4q4qgCXGSbXWruHVzVJX32XCZizSUNsg5ywYY7di9QMqSDFmPwvJrXjZuhNq2z80+lR9GumLg==",
      "requires": {
        "node-bin-setup": "^1.0.0"
      }
    },
    "node-bin-setup": {
      "version": "1.1.3",
      "resolved": "https://registry.npmjs.org/node-bin-setup/-/node-bin-setup-1.1.3.tgz",
      "integrity": "sha512-opgw9iSCAzT2+6wJOETCpeRYAQxSopqQ2z+N6BXwIMsQQ7Zj5M8MaafQY8JMlolRR6R1UXg2WmhKp0p9lSOivg=="
    },
    "parser": {
      "version": "0.1.4",
      "resolved": "https://registry.npmjs.org/parser/-/parser-0.1.4.tgz",
      "integrity": "sha512-f6EM/mBtPzmIh96MpcbePfhkBOYRmLYWuOukJqMysMlvjp4s2MQSSQnFEekd9GV4JGTnDJ2uFt3Ztcqc9wCMJg==",
      "requires": {
        "tokenizer": "*"
      }
    },
    "raw-body": {
      "version": "1.1.7",
      "resolved": "https://registry.npmjs.org/raw-body/-/raw-body-1.1.7.tgz",
      "integrity": "sha512-WmJJU2e9Y6M5UzTOkHaM7xJGAPQD8PNzx3bAd2+uhZAim6wDk6dAZxPVYLF67XhbR4hmKGh33Lpmh4XWrCH5Mg==",
      "requires": {
        "bytes": "1",
        "string_decoder": "0.10"
      }
    },
    "safe-json-parse": {
      "version": "1.0.1",
      "resolved": "https://registry.npmjs.org/safe-json-parse/-/safe-json-parse-1.0.1.tgz",
      "integrity": "sha512-o0JmTu17WGUaUOHa1l0FPGXKBfijbxK6qoHzlkihsDXxzBHvJcA7zgviKR92Xs841rX9pK16unfphLq0/KqX7A=="
    },
    "string_decoder": {
      "version": "0.10.31",
      "resolved": "https://registry.npmjs.org/string_decoder/-/string_decoder-0.10.31.tgz",
      "integrity": "sha512-ev2QzSzWPYmy9GuqfIVildA4OdcGLeFZQrq5ys6RtiuF+RQQiZWr8TZNyAcuVXyQRYfEO+MsoB/1BuQVhOJuoQ=="
    },
    "string-template": {
      "version": "0.2.1",
      "resolved": "https://registry.npmjs.org/string-template/-/string-template-0.2.1.tgz",
      "integrity": "sha512-Yptehjogou2xm4UJbxJ4CxgZx12HBfeystp0y3x7s4Dj32ltVVG1Gg8YhKjHZkHicuKpZX/ffilA8505VbUbpw=="
    },
    "tokenizer": {
      "version": "1.1.2",
      "resolved": "https://registry.npmjs.org/tokenizer/-/tokenizer-1.1.2.tgz",
      "integrity": "sha512-c/EYsBwEW/EX28q44UaSrJ9o5M2aI+N/xdJJ4Zl7dNq76OmWQHhmXH0T8DJQNjVYPc7NclV2CZQfyeUMfnEu/A==",
      "requires": {
        "disect": "~1.1.0"
      }
    }
  }
}
